
Microsoft Visual Studio Solution File, Format Version 12.00
# Visual Studio 15
VisualStudioVersion = 15.0.28307.1300
MinimumVisualStudioVersion = 10.0.40219.1
Project("{FAE04EC0-301F-11D3-BF4B-00C04F79EFBC}") = "InAndAs", "InAndAs\InAndAs.csproj", "{6E76CF3B-17AC-494B-82C2-0D08FEA03DBB}"
EndProject
Global
	GlobalSection(SolutionConfigurationPlatforms) = preSolution
		Debug|Any CPU = Debug|Any CPU
		Release|Any CPU = Release|Any CPU
	EndGlobalSection
	GlobalSection(ProjectConfigurationPlatforms) = postSolution
		{6E76CF3B-17AC-494B-82C2-0D08FEA03DBB}.Debug|Any CPU.ActiveCfg = Debug|Any CPU
		{6E76CF3B-17AC-494B-82C2-0D08FEA03DBB}.Debug|Any CPU.Build.0 = Debug|Any CPU
		{6E76CF3B-17AC-494B-82C2-0D08FEA03DBB}.Release|Any CPU.ActiveCfg = Release|Any CPU
		{6E76CF3B-17AC-494B-82C2-0D08FEA03DBB}.Release|Any CPU.Build.0 = Release|Any CPU
	EndGlobalSection
	GlobalSection(SolutionProperties) = preSolution
		HideSolutionNode = FALSE
	EndGlobalSection
	GlobalSection(ExtensibilityGlobals) = postSolution
		SolutionGuid = {A2CE6329-F4C4-4261-911D-37BA3404A761}
	EndGlobalSection
EndGlobal
